
Microsoft Visual Studio Solution File, Format Version 12.00
# Visual Studio Version 17
VisualStudioVersion = 17.4.33213.308
MinimumVisualStudioVersion = 10.0.40219.1
Project("{FAE04EC0-301F-11D3-BF4B-00C04F79EFBC}") = "BhavnasERP", "BhavnasERP\BhavnasERP.csproj", "{D4DBA279-E91F-4DDC-AD93-82954AD2FEC7}"
EndProject
Project("{FAE04EC0-301F-11D3-BF4B-00C04F79EFBC}") = "BhavnasERP.Data", "BhavnasERP.Data\BhavnasERP.Data.csproj", "{E6AE76BD-963B-4AE4-95DE-68BF8098048C}"
EndProject
Global
	GlobalSection(SolutionConfigurationPlatforms) = preSolution
		Debug|Any CPU = Debug|Any CPU
		Release|Any CPU = Release|Any CPU
	EndGlobalSection
	GlobalSection(ProjectConfigurationPlatforms) = postSolution
		{D4DBA279-E91F-4DDC-AD93-82954AD2FEC7}.Debug|Any CPU.ActiveCfg = Debug|Any CPU
		{D4DBA279-E91F-4DDC-AD93-82954AD2FEC7}.Debug|Any CPU.Build.0 = Debug|Any CPU
		{D4DBA279-E91F-4DDC-AD93-82954AD2FEC7}.Release|Any CPU.ActiveCfg = Release|Any CPU
		{D4DBA279-E91F-4DDC-AD93-82954AD2FEC7}.Release|Any CPU.Build.0 = Release|Any CPU
		{E6AE76BD-963B-4AE4-95DE-68BF8098048C}.Debug|Any CPU.ActiveCfg = Debug|Any CPU
		{E6AE76BD-963B-4AE4-95DE-68BF8098048C}.Debug|Any CPU.Build.0 = Debug|Any CPU
		{E6AE76BD-963B-4AE4-95DE-68BF8098048C}.Release|Any CPU.ActiveCfg = Release|Any CPU
		{E6AE76BD-963B-4AE4-95DE-68BF8098048C}.Release|Any CPU.Build.0 = Release|Any CPU
	EndGlobalSection
	GlobalSection(SolutionProperties) = preSolution
		HideSolutionNode = FALSE
	EndGlobalSection
	GlobalSection(ExtensibilityGlobals) = postSolution
		SolutionGuid = {8CC6B430-400D-49D8-AF1D-DC8DD8A5D8ED}
	EndGlobalSection
EndGlobal
